PODS:
  - IPaDesignableUI (3.10):
    - IPaDownloadManager (~> 1.2)
  - IPaDownloadManager (1.2):
    - IPaSecurity (~> 3.1)
  - IPaLog (2.3)
  - IPaSecurity (3.1):
    - IPaLog (>= 2.1)

DEPENDENCIES:
  - IPaDesignableUI (from `../`)

SPEC REPOS:
  https://github.com/ipapamagic/IPaPods.git:
    - IPaDownloadManager
    - IPaLog
    - IPaSecurity

EXTERNAL SOURCES:
  IPaDesignableUI:
    :path: "../"

SPEC CHECKSUMS:
  IPaDesignableUI: d73da9044767e1f2789b74a52c627232e7b85406
  IPaDownloadManager: b19ce142b14a818d0b64877d90db5a87fda2c992
  IPaLog: 94e55e52fa0a4c3954ae8bf19bb56291d4d7ccb8
  IPaSecurity: 0abd374149fd917d01c6845854a924b5bc79de17

PODFILE CHECKSUM: e84eecb1fb8094f1b74ca1fb17f49843ab5dc222

COCOAPODS: 1.9.1
